
Microsoft Visual Studio Solution File, Format Version 12.00
# Visual Studio Version 17
VisualStudioVersion = 17.14.36414.22 d17.14
MinimumVisualStudioVersion = 10.0.40219.1
Project("{FAE04EC0-301F-11D3-BF4B-00C04F79EFBC}") = "Bai01", "Bai01\Bai01.csproj", "{B5DD4397-0738-4464-9BE3-BCC2C33512CC}"
EndProject
Global
	GlobalSection(SolutionConfigurationPlatforms) = preSolution
		Debug|Any CPU = Debug|Any CPU
		Release|Any CPU = Release|Any CPU
	EndGlobalSection
	GlobalSection(ProjectConfigurationPlatforms) = postSolution
		{B5DD4397-0738-4464-9BE3-BCC2C33512CC}.Debug|Any CPU.ActiveCfg = Debug|Any CPU
		{B5DD4397-0738-4464-9BE3-BCC2C33512CC}.Debug|Any CPU.Build.0 = Debug|Any CPU
		{B5DD4397-0738-4464-9BE3-BCC2C33512CC}.Release|Any CPU.ActiveCfg = Release|Any CPU
		{B5DD4397-0738-4464-9BE3-BCC2C33512CC}.Release|Any CPU.Build.0 = Release|Any CPU
	EndGlobalSection
	GlobalSection(SolutionProperties) = preSolution
		HideSolutionNode = FALSE
	EndGlobalSection
	GlobalSection(ExtensibilityGlobals) = postSolution
		SolutionGuid = {807629BF-9D7C-49C1-A3AB-1171CEEA076A}
	EndGlobalSection
EndGlobal
